<?xml version="1.0" encoding="utf-8"?>
<Project ToolsVersion="Current" xmlns="http://schemas.microsoft.com/developer/msbuild/2003">
  <ItemGroup>
    <ClCompile Include="CreateCopyDelete.cpp" />
    <ClCompile Include="main.cpp" />
    <ClCompile Include="zip_unzip/zip.cpp">
      <Filter>zip_unzip</Filter>
    </ClCompile>
    <ClCompile Include="zip_unzip/unzip.cpp">
      <Filter>zip_unzip</Filter>
    </ClCompile>
  </ItemGroup>
  <ItemGroup>
    <ClInclude Include="CreateCopyDelete.h" />
    <ClInclude Include="zip_unzip/zip.h">
      <Filter>zip_unzip</Filter>
    </ClInclude>
    <ClInclude Include="zip_unzip/unzip.h">
      <Filter>zip_unzip</Filter>
    </ClInclude>
  </ItemGroup>
  <ItemGroup>
    <Filter Include="zip_unzip">
      <UniqueIdentifier>{597b1d6e-943b-48b1-9a4a-359d330e72f2}</UniqueIdentifier>
    </Filter>
  </ItemGroup>
</Project>